
Microsoft Visual Studio Solution File, Format Version 12.00
# Visual Studio Version 17
VisualStudioVersion = 17.1.32210.238
MinimumVisualStudioVersion = 10.0.40219.1
Project("{2150E333-8FDC-42A3-9474-1A3956D46DE8}") = "src", "src", "{66F6E6D2-2D35-484F-B24A-634C90B29D31}"
EndProject
Project("{2150E333-8FDC-42A3-9474-1A3956D46DE8}") = "Client", "Client", "{72CF0E6A-9E11-4B38-BAC6-0484A62DE380}"
EndProject
Project("{2150E333-8FDC-42A3-9474-1A3956D46DE8}") = "Server", "Server", "{1274A1ED-1517-4EE0-842A-3C005C181B0B}"
EndProject
Project("{2150E333-8FDC-42A3-9474-1A3956D46DE8}") = "API", "API", "{FF27CADD-E4F1-44B0-AF7F-2EF7D11CA318}"
EndProject
Project("{2150E333-8FDC-42A3-9474-1A3956D46DE8}") = "Core", "Core", "{9042744A-616F-4238-9396-2BE15A5D4D14}"
EndProject
Project("{2150E333-8FDC-42A3-9474-1A3956D46DE8}") = "Infrastructure", "Infrastructure", "{7A6E0870-AB4B-4036-B491-439C6AE38817}"
EndProject
Project("{2150E333-8FDC-42A3-9474-1A3956D46DE8}") = "Shared", "Shared", "{2C659AB5-3D13-4F04-B3ED-C5357B3BE1B5}"
EndProject
Project("{9A19103F-16F7-4668-BE54-9A1E7A4F7556}") = "SanctionList.Server.Api", "src\Server\API\SanctionList.Server.Api\SanctionList.Server.Api.csproj", "{A1ECD3FD-42DA-49B9-A021-72456DA16721}"
EndProject
Project("{9A19103F-16F7-4668-BE54-9A1E7A4F7556}") = "SanctionList.Server.Application", "src\Server\Core\SanctionList.Server.Application\SanctionList.Server.Application.csproj", "{A14950DC-45BD-4808-9DC5-847BA1F5E08B}"
EndProject
Project("{9A19103F-16F7-4668-BE54-9A1E7A4F7556}") = "SanctionList.Shared.Dto", "src\Shared\SanctionList.Shared.Dto\SanctionList.Shared.Dto.csproj", "{2BD9AD14-8A25-4183-B20A-6C19EB7B0096}"
EndProject
Project("{9A19103F-16F7-4668-BE54-9A1E7A4F7556}") = "SanctionList.Server.Persistence", "src\Server\Infrastructure\SanctionList.Server.Persistence\SanctionList.Server.Persistence.csproj", "{F1AA9F1B-22DE-44E6-AD43-94736955EFEC}"
EndProject
Project("{9A19103F-16F7-4668-BE54-9A1E7A4F7556}") = "SanctionList.Server.Domain", "src\Server\Core\SanctionList.Server.Domain\SanctionList.Server.Domain.csproj", "{65BF72E6-1871-4E47-B44F-909F5B215915}"
EndProject
Project("{2150E333-8FDC-42A3-9474-1A3956D46DE8}") = "Shared", "Shared", "{16F45584-F7DA-4E22-B8F7-EE7F98703EE6}"
EndProject
Project("{9A19103F-16F7-4668-BE54-9A1E7A4F7556}") = "SanctionList.Server.Shared.Caching", "src\Server\Shared\SanctionList.Server.Shared.Caching\SanctionList.Server.Shared.Caching.csproj", "{C9B81B2C-81B5-4C20-8E79-67E8420445FD}"
EndProject
Project("{9A19103F-16F7-4668-BE54-9A1E7A4F7556}") = "SanctionList.Client.Web.Ui", "src\Client\Web\SanctionList.Client.Web.Ui\SanctionList.Client.Web.Ui.csproj", "{758B0071-602E-480D-A52D-FC588813269D}"
EndProject
Global
	GlobalSection(SolutionConfigurationPlatforms) = preSolution
		Debug|Any CPU = Debug|Any CPU
		Release|Any CPU = Release|Any CPU
	EndGlobalSection
	GlobalSection(ProjectConfigurationPlatforms) = postSolution
		{A1ECD3FD-42DA-49B9-A021-72456DA16721}.Debug|Any CPU.ActiveCfg = Debug|Any CPU
		{A1ECD3FD-42DA-49B9-A021-72456DA16721}.Debug|Any CPU.Build.0 = Debug|Any CPU
		{A1ECD3FD-42DA-49B9-A021-72456DA16721}.Release|Any CPU.ActiveCfg = Release|Any CPU
		{A1ECD3FD-42DA-49B9-A021-72456DA16721}.Release|Any CPU.Build.0 = Release|Any CPU
		{A14950DC-45BD-4808-9DC5-847BA1F5E08B}.Debug|Any CPU.ActiveCfg = Debug|Any CPU
		{A14950DC-45BD-4808-9DC5-847BA1F5E08B}.Debug|Any CPU.Build.0 = Debug|Any CPU
		{A14950DC-45BD-4808-9DC5-847BA1F5E08B}.Release|Any CPU.ActiveCfg = Release|Any CPU
		{A14950DC-45BD-4808-9DC5-847BA1F5E08B}.Release|Any CPU.Build.0 = Release|Any CPU
		{2BD9AD14-8A25-4183-B20A-6C19EB7B0096}.Debug|Any CPU.ActiveCfg = Debug|Any CPU
		{2BD9AD14-8A25-4183-B20A-6C19EB7B0096}.Debug|Any CPU.Build.0 = Debug|Any CPU
		{2BD9AD14-8A25-4183-B20A-6C19EB7B0096}.Release|Any CPU.ActiveCfg = Release|Any CPU
		{2BD9AD14-8A25-4183-B20A-6C19EB7B0096}.Release|Any CPU.Build.0 = Release|Any CPU
		{F1AA9F1B-22DE-44E6-AD43-94736955EFEC}.Debug|Any CPU.ActiveCfg = Debug|Any CPU
		{F1AA9F1B-22DE-44E6-AD43-94736955EFEC}.Debug|Any CPU.Build.0 = Debug|Any CPU
		{F1AA9F1B-22DE-44E6-AD43-94736955EFEC}.Release|Any CPU.ActiveCfg = Release|Any CPU
		{F1AA9F1B-22DE-44E6-AD43-94736955EFEC}.Release|Any CPU.Build.0 = Release|Any CPU
		{65BF72E6-1871-4E47-B44F-909F5B215915}.Debug|Any CPU.ActiveCfg = Debug|Any CPU
		{65BF72E6-1871-4E47-B44F-909F5B215915}.Debug|Any CPU.Build.0 = Debug|Any CPU
		{65BF72E6-1871-4E47-B44F-909F5B215915}.Release|Any CPU.ActiveCfg = Release|Any CPU
		{65BF72E6-1871-4E47-B44F-909F5B215915}.Release|Any CPU.Build.0 = Release|Any CPU
		{C9B81B2C-81B5-4C20-8E79-67E8420445FD}.Debug|Any CPU.ActiveCfg = Debug|Any CPU
		{C9B81B2C-81B5-4C20-8E79-67E8420445FD}.Debug|Any CPU.Build.0 = Debug|Any CPU
		{C9B81B2C-81B5-4C20-8E79-67E8420445FD}.Release|Any CPU.ActiveCfg = Release|Any CPU
		{C9B81B2C-81B5-4C20-8E79-67E8420445FD}.Release|Any CPU.Build.0 = Release|Any CPU
		{758B0071-602E-480D-A52D-FC588813269D}.Debug|Any CPU.ActiveCfg = Debug|Any CPU
		{758B0071-602E-480D-A52D-FC588813269D}.Debug|Any CPU.Build.0 = Debug|Any CPU
		{758B0071-602E-480D-A52D-FC588813269D}.Release|Any CPU.ActiveCfg = Release|Any CPU
		{758B0071-602E-480D-A52D-FC588813269D}.Release|Any CPU.Build.0 = Release|Any CPU
	EndGlobalSection
	GlobalSection(SolutionProperties) = preSolution
		HideSolutionNode = FALSE
	EndGlobalSection
	GlobalSection(NestedProjects) = preSolution
		{72CF0E6A-9E11-4B38-BAC6-0484A62DE380} = {66F6E6D2-2D35-484F-B24A-634C90B29D31}
		{1274A1ED-1517-4EE0-842A-3C005C181B0B} = {66F6E6D2-2D35-484F-B24A-634C90B29D31}
		{FF27CADD-E4F1-44B0-AF7F-2EF7D11CA318} = {1274A1ED-1517-4EE0-842A-3C005C181B0B}
		{9042744A-616F-4238-9396-2BE15A5D4D14} = {1274A1ED-1517-4EE0-842A-3C005C181B0B}
		{7A6E0870-AB4B-4036-B491-439C6AE38817} = {1274A1ED-1517-4EE0-842A-3C005C181B0B}
		{2C659AB5-3D13-4F04-B3ED-C5357B3BE1B5} = {66F6E6D2-2D35-484F-B24A-634C90B29D31}
		{A1ECD3FD-42DA-49B9-A021-72456DA16721} = {FF27CADD-E4F1-44B0-AF7F-2EF7D11CA318}
		{A14950DC-45BD-4808-9DC5-847BA1F5E08B} = {9042744A-616F-4238-9396-2BE15A5D4D14}
		{2BD9AD14-8A25-4183-B20A-6C19EB7B0096} = {2C659AB5-3D13-4F04-B3ED-C5357B3BE1B5}
		{F1AA9F1B-22DE-44E6-AD43-94736955EFEC} = {7A6E0870-AB4B-4036-B491-439C6AE38817}
		{65BF72E6-1871-4E47-B44F-909F5B215915} = {9042744A-616F-4238-9396-2BE15A5D4D14}
		{16F45584-F7DA-4E22-B8F7-EE7F98703EE6} = {1274A1ED-1517-4EE0-842A-3C005C181B0B}
		{C9B81B2C-81B5-4C20-8E79-67E8420445FD} = {16F45584-F7DA-4E22-B8F7-EE7F98703EE6}
		{758B0071-602E-480D-A52D-FC588813269D} = {72CF0E6A-9E11-4B38-BAC6-0484A62DE380}
	EndGlobalSection
	GlobalSection(ExtensibilityGlobals) = postSolution
		SolutionGuid = {46117C97-0481-4803-A479-DF68DD9037B9}
	EndGlobalSection
EndGlobal
